schema: '2.0'
stages:
  prepare:
    cmd: python src/prepare.py
    deps:
    - path: src/prepare.py
      hash: md5
      md5: 9e3f8b1dd2fa1ef473aa531129187818
      size: 542
    outs:
    - path: data/raw
      hash: md5
      md5: ef4a9fac2897e2992768d71dd539610a.dir
      size: 30869925
      nfiles: 1
  preprocess:
    cmd: python src/preprocess.py
    deps:
    - path: data/raw
      hash: md5
      md5: ef4a9fac2897e2992768d71dd539610a.dir
      size: 30869925
      nfiles: 1
    - path: src/preprocess.py
      hash: md5
      md5: 60e60d2935aec5ad7762130d12f52eaf
      size: 1047
    params:
      params.yaml:
        preprocess.seed: 42
        preprocess.test_size: 0.1
    outs:
    - path: data/processed
      hash: md5
      md5: fa463365792af3175a998d014006c77d.dir
      size: 45395143
      nfiles: 1
  train:
    cmd: python src/train.py
    deps:
    - path: data/processed
      hash: md5
      md5: fa463365792af3175a998d014006c77d.dir
      size: 45395143
      nfiles: 1
    - path: src/train.py
      hash: md5
      md5: 9be1cf8d7ba46f214bf06f68439dbd41
      size: 1255
    params:
      params.yaml:
        train.batch_size: 128
        train.dense_units: 256
        train.dropout_rate: 0.2
        train.epochs: 8
        train.learning_rate: 0.001
    outs:
    - path: models
      hash: md5
      md5: 635afd715aab7acf384d4e5f2213e9f4.dir
      size: 2467561
      nfiles: 2
  evaluate:
    cmd: python src/evaluate.py
    deps:
    - path: data/processed
      hash: md5
      md5: fa463365792af3175a998d014006c77d.dir
      size: 45395143
      nfiles: 1
    - path: models/model.h5
      hash: md5
      md5: f1d03ee0a27b6ac5492a594cd0300bc1
      size: 2466904
    - path: src/evaluate.py
      hash: md5
      md5: cae3e4adcb5a99aba035f6ce7f8424f9
      size: 1070
    outs:
    - path: confusion_matrix.png
      hash: md5
      md5: d0ff9390553e91d8e572f5a98a55b02e
      size: 45104
    - path: metrics.json
      hash: md5
      md5: df72e42f1261ca515003358cd7a7df7e
      size: 84
