schema: '2.0'
stages:
  prepare:
    cmd: python src/prepare.py
    deps:
    - path: src/prepare.py
      hash: md5
      md5: 9e3f8b1dd2fa1ef473aa531129187818
      size: 542
    outs:
    - path: data/raw
      hash: md5
      md5: ef4a9fac2897e2992768d71dd539610a.dir
      size: 30869925
      nfiles: 1
  preprocess:
    cmd: python src/preprocess.py
    deps:
    - path: data/raw
      hash: md5
      md5: ef4a9fac2897e2992768d71dd539610a.dir
      size: 30869925
      nfiles: 1
    - path: src/preprocess.py
      hash: md5
      md5: 28e38bcb4616e3d5ddd55a1256116545
      size: 1100
    params:
      params.yaml:
        preprocess.seed: 42
        preprocess.test_size: 0.1
    outs:
    - path: data/processed
      hash: md5
      md5: 1ff4005c569cbd7886c148773b10ed2d.dir
      size: 45278276
      nfiles: 1
  train:
    cmd: python src/train.py
    deps:
    - path: data/processed
      hash: md5
      md5: 1ff4005c569cbd7886c148773b10ed2d.dir
      size: 45278276
      nfiles: 1
    - path: src/train.py
      hash: md5
      md5: 9be1cf8d7ba46f214bf06f68439dbd41
      size: 1255
    params:
      params.yaml:
        train.batch_size: 128
        train.dense_units: 128
        train.dropout_rate: 0.2
        train.epochs: 8
        train.learning_rate: 0.001
    outs:
    - path: models
      hash: md5
      md5: 1ba85634ac8f487c54ce41bb373ff926.dir
      size: 1245928
      nfiles: 2
  evaluate:
    cmd: python src/evaluate.py
    deps:
    - path: data/processed
      hash: md5
      md5: 1ff4005c569cbd7886c148773b10ed2d.dir
      size: 45278276
      nfiles: 1
    - path: models/model.h5
      hash: md5
      md5: 3537ac53a38098ece625fbb1d54f6879
      size: 1245272
    - path: src/evaluate.py
      hash: md5
      md5: cae3e4adcb5a99aba035f6ce7f8424f9
      size: 1070
    outs:
    - path: confusion_matrix.png
      hash: md5
      md5: e303f30029ddacaf1b80782c639ec218
      size: 47212
    - path: metrics.json
      hash: md5
      md5: 7054830e756def0f3d0ae777eb264c1e
      size: 83
